
Microsoft Visual Studio Solution File, Format Version 12.00
# Visual Studio Version 17
VisualStudioVersion = 17.2.32526.322
MinimumVisualStudioVersion = 10.0.40219.1
Project("{9A19103F-16F7-4668-BE54-9A1E7A4F7556}") = "David.WebApp", "David.WebApp\David.WebApp.csproj", "{AE46D351-2969-4284-AF2A-43B5206F63F9}"
EndProject
Project("{9A19103F-16F7-4668-BE54-9A1E7A4F7556}") = "David", "David\David.csproj", "{D8948206-5BF1-4D3F-B773-A9A1AA42E601}"
EndProject
Project("{FAE04EC0-301F-11D3-BF4B-00C04F79EFBC}") = "ZeroBase", "ZeroBase\ZeroBase.csproj", "{3BC3A5D8-4572-45AD-AD9F-DB936A967BE4}"
EndProject
Global
	GlobalSection(SolutionConfigurationPlatforms) = preSolution
		Debug|Any CPU = Debug|Any CPU
		Release|Any CPU = Release|Any CPU
	EndGlobalSection
	GlobalSection(ProjectConfigurationPlatforms) = postSolution
		{AE46D351-2969-4284-AF2A-43B5206F63F9}.Debug|Any CPU.ActiveCfg = Debug|Any CPU
		{AE46D351-2969-4284-AF2A-43B5206F63F9}.Debug|Any CPU.Build.0 = Debug|Any CPU
		{AE46D351-2969-4284-AF2A-43B5206F63F9}.Release|Any CPU.ActiveCfg = Release|Any CPU
		{AE46D351-2969-4284-AF2A-43B5206F63F9}.Release|Any CPU.Build.0 = Release|Any CPU
		{D8948206-5BF1-4D3F-B773-A9A1AA42E601}.Debug|Any CPU.ActiveCfg = Debug|Any CPU
		{D8948206-5BF1-4D3F-B773-A9A1AA42E601}.Debug|Any CPU.Build.0 = Debug|Any CPU
		{D8948206-5BF1-4D3F-B773-A9A1AA42E601}.Release|Any CPU.ActiveCfg = Release|Any CPU
		{D8948206-5BF1-4D3F-B773-A9A1AA42E601}.Release|Any CPU.Build.0 = Release|Any CPU
		{3BC3A5D8-4572-45AD-AD9F-DB936A967BE4}.Debug|Any CPU.ActiveCfg = Debug|Any CPU
		{3BC3A5D8-4572-45AD-AD9F-DB936A967BE4}.Debug|Any CPU.Build.0 = Debug|Any CPU
		{3BC3A5D8-4572-45AD-AD9F-DB936A967BE4}.Release|Any CPU.ActiveCfg = Release|Any CPU
		{3BC3A5D8-4572-45AD-AD9F-DB936A967BE4}.Release|Any CPU.Build.0 = Release|Any CPU
	EndGlobalSection
	GlobalSection(SolutionProperties) = preSolution
		HideSolutionNode = FALSE
	EndGlobalSection
	GlobalSection(ExtensibilityGlobals) = postSolution
		SolutionGuid = {B9A7AFFE-4926-4AA8-A8D6-BFC94E54EBC9}
	EndGlobalSection
EndGlobal
